{
    "_readme": [
        "This file locks the dependencies of your project to a known state",
        "Read more about it at http://getcomposer.org/doc/01-basic-usage.md#composer-lock-the-lock-file",
        "This file is @generated automatically"
    ],
    "hash": "7b7add3bcc32677b3ca8bd3561d9b0ad",
    "packages": [
        {
            "name": "yangqi/htmldom",
            "version": "dev-master",
            "source": {
                "type": "git",
                "url": "https://github.com/yangqi/Htmldom.git",
                "reference": "048b36308ab6a6b448f9be1f089ecc7cf61e8ed2"
            },
            "dist": {
                "type": "zip",
                "url": "https://api.github.com/repos/yangqi/Htmldom/zipball/048b36308ab6a6b448f9be1f089ecc7cf61e8ed2",
                "reference": "048b36308ab6a6b448f9be1f089ecc7cf61e8ed2",
                "shasum": ""
            },
            "require": {
                "php": ">=5.3.0"
            },
            "type": "library",
            "autoload": {
                "psr-0": {
                    "Yangqi\\Htmldom": "src/"
                }
            },
            "notification-url": "https://packagist.org/downloads/",
            "license": [
                "MIT"
            ],
            "authors": [
                {
                    "name": "yangqi",
                    "email": "i@yangqi.me"
                }
            ],
            "description": "Simple Html Dom Parser for Laravel 4",
            "keywords": [
                "HTML Parser",
                "laravel"
            ],
            "time": "2015-03-27 18:51:01"
        }
    ],
    "packages-dev": [],
    "aliases": [],
    "minimum-stability": "stable",
    "stability-flags": {
        "yangqi/htmldom": 20
    },
    "prefer-stable": false,
    "prefer-lowest": false,
    "platform": [],
    "platform-dev": []
}
